// !$*UTF8*$!
{
	archiveVersion = 1;
	classes = {
	};
	objectVersion = 56;
	objects = {

/* Begin PBXBuildFile section */
		379E624229E2083100F99FFA /* DropdownMenu_SwiftUIApp.swift in Sources */ = {isa = PBXBuildFile; fileRef = 379E624129E2083100F99FFA /* DropdownMenu_SwiftUIApp.swift */; };
		379E624429E2083100F99FFA /* ContentView.swift in Sources */ = {isa = PBXBuildFile; fileRef = 379E624329E2083100F99FFA /* ContentView.swift */; };
		379E624629E2083200F99FFA /* Assets.xcassets in Resources */ = {isa = PBXBuildFile; fileRef = 379E624529E2083200F99FFA /* Assets.xcassets */; };
		379E624929E2083200F99FFA /* Preview Assets.xcassets in Resources */ = {isa = PBXBuildFile; fileRef = 379E624829E2083200F99FFA /* Preview Assets.xcassets */; };
		379E625329E2083200F99FFA /* DropdownMenu_SwiftUITests.swift in Sources */ = {isa = PBXBuildFile; fileRef = 379E625229E2083200F99FFA /* DropdownMenu_SwiftUITests.swift */; };
		379E625D29E2083200F99FFA /* DropdownMenu_SwiftUIUITests.swift in Sources */ = {isa = PBXBuildFile; fileRef = 379E625C29E2083200F99FFA /* DropdownMenu_SwiftUIUITests.swift */; };
		379E625F29E2083200F99FFA /* DropdownMenu_SwiftUIUITestsLaunchTests.swift in Sources */ = {isa = PBXBuildFile; fileRef = 379E625E29E2083200F99FFA /* DropdownMenu_SwiftUIUITestsLaunchTests.swift */; };
/* End PBXBuildFile section */

/* Begin PBXContainerItemProxy section */
		379E624F29E2083200F99FFA /* PBXContainerItemProxy */ = {
			isa = PBXContainerItemProxy;
			containerPortal = 379E623629E2083100F99FFA /* Project object */;
			proxyType = 1;
			remoteGlobalIDString = 379E623D29E2083100F99FFA;
			remoteInfo = "DropdownMenu-SwiftUI";
		};
		379E625929E2083200F99FFA /* PBXContainerItemProxy */ = {
			isa = PBXContainerItemProxy;
			containerPortal = 379E623629E2083100F99FFA /* Project object */;
			proxyType = 1;
			remoteGlobalIDString = 379E623D29E2083100F99FFA;
			remoteInfo = "DropdownMenu-SwiftUI";
		};
/* End PBXContainerItemProxy section */

/* Begin PBXFileReference section */
		379E623E29E2083100F99FFA /* DropdownMenu-SwiftUI.app */ = {isa = PBXFileReference; explicitFileType = wrapper.application; includeInIndex = 0; path = "DropdownMenu-SwiftUI.app"; sourceTree = BUILT_PRODUCTS_DIR; };
		379E624129E2083100F99FFA /* DropdownMenu_SwiftUIApp.swift */ = {isa = PBXFileReference; lastKnownFileType = sourcecode.swift; path = DropdownMenu_SwiftUIApp.swift; sourceTree = "<group>"; };
		379E624329E2083100F99FFA /* ContentView.swift */ = {isa = PBXFileReference; lastKnownFileType = sourcecode.swift; path = ContentView.swift; sourceTree = "<group>"; };
		379E624529E2083200F99FFA /* Assets.xcassets */ = {isa = PBXFileReference; lastKnownFileType = folder.assetcatalog; path = Assets.xcassets; sourceTree = "<group>"; };
		379E624829E2083200F99FFA /* Preview Assets.xcassets */ = {isa = PBXFileReference; lastKnownFileType = folder.assetcatalog; path = "Preview Assets.xcassets"; sourceTree = "<group>"; };
		379E624E29E2083200F99FFA /* DropdownMenu-SwiftUITests.xctest */ = {isa = PBXFileReference; explicitFileType = wrapper.cfbundle; includeInIndex = 0; path = "DropdownMenu-SwiftUITests.xctest"; sourceTree = BUILT_PRODUCTS_DIR; };
		379E625229E2083200F99FFA /* DropdownMenu_SwiftUITests.swift */ = {isa = PBXFileReference; lastKnownFileType = sourcecode.swift; path = DropdownMenu_SwiftUITests.swift; sourceTree = "<group>"; };
		379E625829E2083200F99FFA /* DropdownMenu-SwiftUIUITests.xctest */ = {isa = PBXFileReference; explicitFileType = wrapper.cfbundle; includeInIndex = 0; path = "DropdownMenu-SwiftUIUITests.xctest"; sourceTree = BUILT_PRODUCTS_DIR; };
		379E625C29E2083200F99FFA /* DropdownMenu_SwiftUIUITests.swift */ = {isa = PBXFileReference; lastKnownFileType = sourcecode.swift; path = DropdownMenu_SwiftUIUITests.swift; sourceTree = "<group>"; };
		379E625E29E2083200F99FFA /* DropdownMenu_SwiftUIUITestsLaunchTests.swift */ = {isa = PBXFileReference; lastKnownFileType = sourcecode.swift; path = DropdownMenu_SwiftUIUITestsLaunchTests.swift; sourceTree = "<group>"; };
/* End PBXFileReference section */

/* Begin PBXFrameworksBuildPhase section */
		379E623B29E2083100F99FFA /* Frameworks */ = {
			isa = PBXFrameworksBuildPhase;
			buildActionMask = 2147483647;
			files = (
			);
			runOnlyForDeploymentPostprocessing = 0;
		};
		379E624B29E2083200F99FFA /* Frameworks */ = {
			isa = PBXFrameworksBuildPhase;
			buildActionMask = 2147483647;
			files = (
			);
			runOnlyForDeploymentPostprocessing = 0;
		};
		379E625529E2083200F99FFA /* Frameworks */ = {
			isa = PBXFrameworksBuildPhase;
			buildActionMask = 2147483647;
			files = (
			);
			runOnlyForDeploymentPostprocessing = 0;
		};
/* End PBXFrameworksBuildPhase section */

/* Begin PBXGroup section */
		379E623529E2083100F99FFA = {
			isa = PBXGroup;
			children = (
				379E624029E2083100F99FFA /* DropdownMenu-SwiftUI */,
				379E625129E2083200F99FFA /* DropdownMenu-SwiftUITests */,
				379E625B29E2083200F99FFA /* DropdownMenu-SwiftUIUITests */,
				379E623F29E2083100F99FFA /* Products */,
			);
			sourceTree = "<group>";
		};
		379E623F29E2083100F99FFA /* Products */ = {
			isa = PBXGroup;
			children = (
				379E623E29E2083100F99FFA /* DropdownMenu-SwiftUI.app */,
				379E624E29E2083200F99FFA /* DropdownMenu-SwiftUITests.xctest */,
				379E625829E2083200F99FFA /* DropdownMenu-SwiftUIUITests.xctest */,
			);
			name = Products;
			sourceTree = "<group>";
		};
		379E624029E2083100F99FFA /* DropdownMenu-SwiftUI */ = {
			isa = PBXGroup;
			children = (
				379E624129E2083100F99FFA /* DropdownMenu_SwiftUIApp.swift */,
				379E624329E2083100F99FFA /* ContentView.swift */,
				379E624529E2083200F99FFA /* Assets.xcassets */,
				379E624729E2083200F99FFA /* Preview Content */,
			);
			path = "DropdownMenu-SwiftUI";
			sourceTree = "<group>";
		};
		379E624729E2083200F99FFA /* Preview Content */ = {
			isa = PBXGroup;
			children = (
				379E624829E2083200F99FFA /* Preview Assets.xcassets */,
			);
			path = "Preview Content";
			sourceTree = "<group>";
		};
		379E625129E2083200F99FFA /* DropdownMenu-SwiftUITests */ = {
			isa = PBXGroup;
			children = (
				379E625229E2083200F99FFA /* DropdownMenu_SwiftUITests.swift */,
			);
			path = "DropdownMenu-SwiftUITests";
			sourceTree = "<group>";
		};
		379E625B29E2083200F99FFA /* DropdownMenu-SwiftUIUITests */ = {
			isa = PBXGroup;
			children = (
				379E625C29E2083200F99FFA /* DropdownMenu_SwiftUIUITests.swift */,
				379E625E29E2083200F99FFA /* DropdownMenu_SwiftUIUITestsLaunchTests.swift */,
			);
			path = "DropdownMenu-SwiftUIUITests";
			sourceTree = "<group>";
		};
/* End PBXGroup section */

/* Begin PBXNativeTarget section */
		379E623D29E2083100F99FFA /* DropdownMenu-SwiftUI */ = {
			isa = PBXNativeTarget;
			buildConfigurationList = 379E626229E2083200F99FFA /* Build configuration list for PBXNativeTarget "DropdownMenu-SwiftUI" */;
			buildPhases = (
				379E623A29E2083100F99FFA /* Sources */,
				379E623B29E2083100F99FFA /* Frameworks */,
				379E623C29E2083100F99FFA /* Resources */,
			);
			buildRules = (
			);
			dependencies = (
			);
			name = "DropdownMenu-SwiftUI";
			productName = "DropdownMenu-SwiftUI";
			productReference = 379E623E29E2083100F99FFA /* DropdownMenu-SwiftUI.app */;
			productType = "com.apple.product-type.application";
		};
		379E624D29E2083200F99FFA /* DropdownMenu-SwiftUITests */ = {
			isa = PBXNativeTarget;
			buildConfigurationList = 379E626529E2083200F99FFA /* Build configuration list for PBXNativeTarget "DropdownMenu-SwiftUITests" */;
			buildPhases = (
				379E624A29E2083200F99FFA /* Sources */,
				379E624B29E2083200F99FFA /* Frameworks */,
				379E624C29E2083200F99FFA /* Resources */,
			);
			buildRules = (
			);
			dependencies = (
				379E625029E2083200F99FFA /* PBXTargetDependency */,
			);
			name = "DropdownMenu-SwiftUITests";
			productName = "DropdownMenu-SwiftUITests";
			productReference = 379E624E29E2083200F99FFA /* DropdownMenu-SwiftUITests.xctest */;
			productType = "com.apple.product-type.bundle.unit-test";
		};
		379E625729E2083200F99FFA /* DropdownMenu-SwiftUIUITests */ = {
			isa = PBXNativeTarget;
			buildConfigurationList = 379E626829E2083200F99FFA /* Build configuration list for PBXNativeTarget "DropdownMenu-SwiftUIUITests" */;
			buildPhases = (
				379E625429E2083200F99FFA /* Sources */,
				379E625529E2083200F99FFA /* Frameworks */,
				379E625629E2083200F99FFA /* Resources */,
			);
			buildRules = (
			);
			dependencies = (
				379E625A29E2083200F99FFA /* PBXTargetDependency */,
			);
			name = "DropdownMenu-SwiftUIUITests";
			productName = "DropdownMenu-SwiftUIUITests";
			productReference = 379E625829E2083200F99FFA /* DropdownMenu-SwiftUIUITests.xctest */;
			productType = "com.apple.product-type.bundle.ui-testing";
		};
/* End PBXNativeTarget section */

/* Begin PBXProject section */
		379E623629E2083100F99FFA /* Project object */ = {
			isa = PBXProject;
			attributes = {
				BuildIndependentTargetsInParallel = 1;
				LastSwiftUpdateCheck = 1430;
				LastUpgradeCheck = 1430;
				TargetAttributes = {
					379E623D29E2083100F99FFA = {
						CreatedOnToolsVersion = 14.3;
					};
					379E624D29E2083200F99FFA = {
						CreatedOnToolsVersion = 14.3;
						TestTargetID = 379E623D29E2083100F99FFA;
					};
					379E625729E2083200F99FFA = {
						CreatedOnToolsVersion = 14.3;
						TestTargetID = 379E623D29E2083100F99FFA;
					};
				};
			};
			buildConfigurationList = 379E623929E2083100F99FFA /* Build configuration list for PBXProject "DropdownMenu-SwiftUI" */;
			compatibilityVersion = "Xcode 14.0";
			developmentRegion = en;
			hasScannedForEncodings = 0;
			knownRegions = (
				en,
				Base,
			);
			mainGroup = 379E623529E2083100F99FFA;
			productRefGroup = 379E623F29E2083100F99FFA /* Products */;
			projectDirPath = "";
			projectRoot = "";
			targets = (
				379E623D29E2083100F99FFA /* DropdownMenu-SwiftUI */,
				379E624D29E2083200F99FFA /* DropdownMenu-SwiftUITests */,
				379E625729E2083200F99FFA /* DropdownMenu-SwiftUIUITests */,
			);
		};
/* End PBXProject section */

/* Begin PBXResourcesBuildPhase section */
		379E623C29E2083100F99FFA /* Resources */ = {
			isa = PBXResourcesBuildPhase;
			buildActionMask = 2147483647;
			files = (
				379E624929E2083200F99FFA /* Preview Assets.xcassets in Resources */,
				379E624629E2083200F99FFA /* Assets.xcassets in Resources */,
			);
			runOnlyForDeploymentPostprocessing = 0;
		};
		379E624C29E2083200F99FFA /* Resources */ = {
			isa = PBXResourcesBuildPhase;
			buildActionMask = 2147483647;
			files = (
			);
			runOnlyForDeploymentPostprocessing = 0;
		};
		379E625629E2083200F99FFA /* Resources */ = {
			isa = PBXResourcesBuildPhase;
			buildActionMask = 2147483647;
			files = (
			);
			runOnlyForDeploymentPostprocessing = 0;
		};
/* End PBXResourcesBuildPhase section */

/* Begin PBXSourcesBuildPhase section */
		379E623A29E2083100F99FFA /* Sources */ = {
			isa = PBXSourcesBuildPhase;
			buildActionMask = 2147483647;
			files = (
				379E624429E2083100F99FFA /* ContentView.swift in Sources */,
				379E624229E2083100F99FFA /* DropdownMenu_SwiftUIApp.swift in Sources */,
			);
			runOnlyForDeploymentPostprocessing = 0;
		};
		379E624A29E2083200F99FFA /* Sources */ = {
			isa = PBXSourcesBuildPhase;
			buildActionMask = 2147483647;
			files = (
				379E625329E2083200F99FFA /* DropdownMenu_SwiftUITests.swift in Sources */,
			);
			runOnlyForDeploymentPostprocessing = 0;
		};
		379E625429E2083200F99FFA /* Sources */ = {
			isa = PBXSourcesBuildPhase;
			buildActionMask = 2147483647;
			files = (
				379E625F29E2083200F99FFA /* DropdownMenu_SwiftUIUITestsLaunchTests.swift in Sources */,
				379E625D29E2083200F99FFA /* DropdownMenu_SwiftUIUITests.swift in Sources */,
			);
			runOnlyForDeploymentPostprocessing = 0;
		};
/* End PBXSourcesBuildPhase section */

/* Begin PBXTargetDependency section */
		379E625029E2083200F99FFA /* PBXTargetDependency */ = {
			isa = PBXTargetDependency;
			target = 379E623D29E2083100F99FFA /* DropdownMenu-SwiftUI */;
			targetProxy = 379E624F29E2083200F99FFA /* PBXContainerItemProxy */;
		};
		379E625A29E2083200F99FFA /* PBXTargetDependency */ = {
			isa = PBXTargetDependency;
			target = 379E623D29E2083100F99FFA /* DropdownMenu-SwiftUI */;
			targetProxy = 379E625929E2083200F99FFA /* PBXContainerItemProxy */;
		};
/* End PBXTargetDependency section */

/* Begin XCBuildConfiguration section */
		379E626029E2083200F99FFA /* Debug */ = {
			isa = XCBuildConfiguration;
			buildSettings = {
				ALWAYS_SEARCH_USER_PATHS = NO;
				CLANG_ANALYZER_NONNULL = YES;
				CLANG_ANALYZER_NUMBER_OBJECT_CONVERSION = YES_AGGRESSIVE;
				CLANG_CXX_LANGUAGE_STANDARD = "gnu++20";
				CLANG_ENABLE_MODULES = YES;
				CLANG_ENABLE_OBJC_ARC = YES;
				CLANG_ENABLE_OBJC_WEAK = YES;
				CLANG_WARN_BLOCK_CAPTURE_AUTORELEASING = YES;
				CLANG_WARN_BOOL_CONVERSION = YES;
				CLANG_WARN_COMMA = YES;
				CLANG_WARN_CONSTANT_CONVERSION = YES;
				CLANG_WARN_DEPRECATED_OBJC_IMPLEMENTATIONS = YES;
				CLANG_WARN_DIRECT_OBJC_ISA_USAGE = YES_ERROR;
				CLANG_WARN_DOCUMENTATION_COMMENTS = YES;
				CLANG_WARN_EMPTY_BODY = YES;
				CLANG_WARN_ENUM_CONVERSION = YES;
				CLANG_WARN_INFINITE_RECURSION = YES;
				CLANG_WARN_INT_CONVERSION = YES;
				CLANG_WARN_NON_LITERAL_NULL_CONVERSION = YES;
				CLANG_WARN_OBJC_IMPLICIT_RETAIN_SELF = YES;
				CLANG_WARN_OBJC_LITERAL_CONVERSION = YES;
				CLANG_WARN_OBJC_ROOT_CLASS = YES_ERROR;
				CLANG_WARN_QUOTED_INCLUDE_IN_FRAMEWORK_HEADER = YES;
				CLANG_WARN_RANGE_LOOP_ANALYSIS = YES;
				CLANG_WARN_STRICT_PROTOTYPES = YES;
				CLANG_WARN_SUSPICIOUS_MOVE = YES;
				CLANG_WARN_UNGUARDED_AVAILABILITY = YES_AGGRESSIVE;
				CLANG_WARN_UNREACHABLE_CODE = YES;
				CLANG_WARN__DUPLICATE_METHOD_MATCH = YES;
				COPY_PHASE_STRIP = NO;
				DEBUG_INFORMATION_FORMAT = dwarf;
				ENABLE_STRICT_OBJC_MSGSEND = YES;
				ENABLE_TESTABILITY = YES;
				GCC_C_LANGUAGE_STANDARD = gnu11;
				GCC_DYNAMIC_NO_PIC = NO;
				GCC_NO_COMMON_BLOCKS = YES;
				GCC_OPTIMIZATION_LEVEL = 0;
				GCC_PREPROCESSOR_DEFINITIONS = (
					"DEBUG=1",
					"$(inherited)",
				);
				GCC_WARN_64_TO_32_BIT_CONVERSION = YES;
				GCC_WARN_ABOUT_RETURN_TYPE = YES_ERROR;
				GCC_WARN_UNDECLARED_SELECTOR = YES;
				GCC_WARN_UNINITIALIZED_AUTOS = YES_AGGRESSIVE;
				GCC_WARN_UNUSED_FUNCTION = YES;
				GCC_WARN_UNUSED_VARIABLE = YES;
				IPHONEOS_DEPLOYMENT_TARGET = 16.4;
				MTL_ENABLE_DEBUG_INFO = INCLUDE_SOURCE;
				MTL_FAST_MATH = YES;
				ONLY_ACTIVE_ARCH = YES;
				SDKROOT = iphoneos;
				SWIFT_ACTIVE_COMPILATION_CONDITIONS = DEBUG;
				SWIFT_OPTIMIZATION_LEVEL = "-Onone";
			};
			name = Debug;
		};
		379E626129E2083200F99FFA /* Release */ = {
			isa = XCBuildConfiguration;
			buildSettings = {
				ALWAYS_SEARCH_USER_PATHS = NO;
				CLANG_ANALYZER_NONNULL = YES;
				CLANG_ANALYZER_NUMBER_OBJECT_CONVERSION = YES_AGGRESSIVE;
				CLANG_CXX_LANGUAGE_STANDARD = "gnu++20";
				CLANG_ENABLE_MODULES = YES;
				CLANG_ENABLE_OBJC_ARC = YES;
				CLANG_ENABLE_OBJC_WEAK = YES;
				CLANG_WARN_BLOCK_CAPTURE_AUTORELEASING = YES;
				CLANG_WARN_BOOL_CONVERSION = YES;
				CLANG_WARN_COMMA = YES;
				CLANG_WARN_CONSTANT_CONVERSION = YES;
				CLANG_WARN_DEPRECATED_OBJC_IMPLEMENTATIONS = YES;
				CLANG_WARN_DIRECT_OBJC_ISA_USAGE = YES_ERROR;
				CLANG_WARN_DOCUMENTATION_COMMENTS = YES;
				CLANG_WARN_EMPTY_BODY = YES;
				CLANG_WARN_ENUM_CONVERSION = YES;
				CLANG_WARN_INFINITE_RECURSION = YES;
				CLANG_WARN_INT_CONVERSION = YES;
				CLANG_WARN_NON_LITERAL_NULL_CONVERSION = YES;
				CLANG_WARN_OBJC_IMPLICIT_RETAIN_SELF = YES;
				CLANG_WARN_OBJC_LITERAL_CONVERSION = YES;
				CLANG_WARN_OBJC_ROOT_CLASS = YES_ERROR;
				CLANG_WARN_QUOTED_INCLUDE_IN_FRAMEWORK_HEADER = YES;
				CLANG_WARN_RANGE_LOOP_ANALYSIS = YES;
				CLANG_WARN_STRICT_PROTOTYPES = YES;
				CLANG_WARN_SUSPICIOUS_MOVE = YES;
				CLANG_WARN_UNGUARDED_AVAILABILITY = YES_AGGRESSIVE;
				CLANG_WARN_UNREACHABLE_CODE = YES;
				CLANG_WARN__DUPLICATE_METHOD_MATCH = YES;
				COPY_PHASE_STRIP = NO;
				DEBUG_INFORMATION_FORMAT = "dwarf-with-dsym";
				ENABLE_NS_ASSERTIONS = NO;
				ENABLE_STRICT_OBJC_MSGSEND = YES;
				GCC_C_LANGUAGE_STANDARD = gnu11;
				GCC_NO_COMMON_BLOCKS = YES;
				GCC_WARN_64_TO_32_BIT_CONVERSION = YES;
				GCC_WARN_ABOUT_RETURN_TYPE = YES_ERROR;
				GCC_WARN_UNDECLARED_SELECTOR = YES;
				GCC_WARN_UNINITIALIZED_AUTOS = YES_AGGRESSIVE;
				GCC_WARN_UNUSED_FUNCTION = YES;
				GCC_WARN_UNUSED_VARIABLE = YES;
				IPHONEOS_DEPLOYMENT_TARGET = 16.4;
				MTL_ENABLE_DEBUG_INFO = NO;
				MTL_FAST_MATH = YES;
				SDKROOT = iphoneos;
				SWIFT_COMPILATION_MODE = wholemodule;
				SWIFT_OPTIMIZATION_LEVEL = "-O";
				VALIDATE_PRODUCT = YES;
			};
			name = Release;
		};
		379E626329E2083200F99FFA /* Debug */ = {
			isa = XCBuildConfiguration;
			buildSettings = {
				ASSETCATALOG_COMPILER_APPICON_NAME = AppIcon;
				ASSETCATALOG_COMPILER_GLOBAL_ACCENT_COLOR_NAME = AccentColor;
				CODE_SIGN_STYLE = Automatic;
				CURRENT_PROJECT_VERSION = 1;
				DEVELOPMENT_ASSET_PATHS = "\"DropdownMenu-SwiftUI/Preview Content\"";
				DEVELOPMENT_TEAM = D6VB3396MT;
				ENABLE_PREVIEWS = YES;
				GENERATE_INFOPLIST_FILE = YES;
				INFOPLIST_KEY_UIApplicationSceneManifest_Generation = YES;
				INFOPLIST_KEY_UIApplicationSupportsIndirectInputEvents = YES;
				INFOPLIST_KEY_UILaunchScreen_Generation = YES;
				INFOPLIST_KEY_UISupportedInterfaceOrientations_iPad = "UIInterfaceOrientationPortrait UIInterfaceOrientationPortraitUpsideDown UIInterfaceOrientationLandscapeLeft UIInterfaceOrientationLandscapeRight";
				INFOPLIST_KEY_UISupportedInterfaceOrientations_iPhone = "UIInterfaceOrientationPortrait UIInterfaceOrientationLandscapeLeft UIInterfaceOrientationLandscapeRight";
				LD_RUNPATH_SEARCH_PATHS = (
					"$(inherited)",
					"@executable_path/Frameworks",
				);
				MARKETING_VERSION = 1.0;
				PRODUCT_BUNDLE_IDENTIFIER = "com.marlonraskin.DropdownMenu-SwiftUI";
				PRODUCT_NAME = "$(TARGET_NAME)";
				SWIFT_EMIT_LOC_STRINGS = YES;
				SWIFT_VERSION = 5.0;
				TARGETED_DEVICE_FAMILY = "1,2";
			};
			name = Debug;
		};
		379E626429E2083200F99FFA /* Release */ = {
			isa = XCBuildConfiguration;
			buildSettings = {
				ASSETCATALOG_COMPILER_APPICON_NAME = AppIcon;
				ASSETCATALOG_COMPILER_GLOBAL_ACCENT_COLOR_NAME = AccentColor;
				CODE_SIGN_STYLE = Automatic;
				CURRENT_PROJECT_VERSION = 1;
				DEVELOPMENT_ASSET_PATHS = "\"DropdownMenu-SwiftUI/Preview Content\"";
				DEVELOPMENT_TEAM = D6VB3396MT;
				ENABLE_PREVIEWS = YES;
				GENERATE_INFOPLIST_FILE = YES;
				INFOPLIST_KEY_UIApplicationSceneManifest_Generation = YES;
				INFOPLIST_KEY_UIApplicationSupportsIndirectInputEvents = YES;
				INFOPLIST_KEY_UILaunchScreen_Generation = YES;
				INFOPLIST_KEY_UISupportedInterfaceOrientations_iPad = "UIInterfaceOrientationPortrait UIInterfaceOrientationPortraitUpsideDown UIInterfaceOrientationLandscapeLeft UIInterfaceOrientationLandscapeRight";
				INFOPLIST_KEY_UISupportedInterfaceOrientations_iPhone = "UIInterfaceOrientationPortrait UIInterfaceOrientationLandscapeLeft UIInterfaceOrientationLandscapeRight";
				LD_RUNPATH_SEARCH_PATHS = (
					"$(inherited)",
					"@executable_path/Frameworks",
				);
				MARKETING_VERSION = 1.0;
				PRODUCT_BUNDLE_IDENTIFIER = "com.marlonraskin.DropdownMenu-SwiftUI";
				PRODUCT_NAME = "$(TARGET_NAME)";
				SWIFT_EMIT_LOC_STRINGS = YES;
				SWIFT_VERSION = 5.0;
				TARGETED_DEVICE_FAMILY = "1,2";
			};
			name = Release;
		};
		379E626629E2083200F99FFA /* Debug */ = {
			isa = XCBuildConfiguration;
			buildSettings = {
				ALWAYS_EMBED_SWIFT_STANDARD_LIBRARIES = YES;
				BUNDLE_LOADER = "$(TEST_HOST)";
				CODE_SIGN_STYLE = Automatic;
				CURRENT_PROJECT_VERSION = 1;
				DEVELOPMENT_TEAM = D6VB3396MT;
				GENERATE_INFOPLIST_FILE = YES;
				IPHONEOS_DEPLOYMENT_TARGET = 16.4;
				MARKETING_VERSION = 1.0;
				PRODUCT_BUNDLE_IDENTIFIER = "com.marlonraskin.DropdownMenu-SwiftUITests";
				PRODUCT_NAME = "$(TARGET_NAME)";
				SWIFT_EMIT_LOC_STRINGS = NO;
				SWIFT_VERSION = 5.0;
				TARGETED_DEVICE_FAMILY = "1,2";
				TEST_HOST = "$(BUILT_PRODUCTS_DIR)/DropdownMenu-SwiftUI.app/$(BUNDLE_EXECUTABLE_FOLDER_PATH)/DropdownMenu-SwiftUI";
			};
			name = Debug;
		};
		379E626729E2083200F99FFA /* Release */ = {
			isa = XCBuildConfiguration;
			buildSettings = {
				ALWAYS_EMBED_SWIFT_STANDARD_LIBRARIES = YES;
				BUNDLE_LOADER = "$(TEST_HOST)";
				CODE_SIGN_STYLE = Automatic;
				CURRENT_PROJECT_VERSION = 1;
				DEVELOPMENT_TEAM = D6VB3396MT;
				GENERATE_INFOPLIST_FILE = YES;
				IPHONEOS_DEPLOYMENT_TARGET = 16.4;
				MARKETING_VERSION = 1.0;
				PRODUCT_BUNDLE_IDENTIFIER = "com.marlonraskin.DropdownMenu-SwiftUITests";
				PRODUCT_NAME = "$(TARGET_NAME)";
				SWIFT_EMIT_LOC_STRINGS = NO;
				SWIFT_VERSION = 5.0;
				TARGETED_DEVICE_FAMILY = "1,2";
				TEST_HOST = "$(BUILT_PRODUCTS_DIR)/DropdownMenu-SwiftUI.app/$(BUNDLE_EXECUTABLE_FOLDER_PATH)/DropdownMenu-SwiftUI";
			};
			name = Release;
		};
		379E626929E2083200F99FFA /* Debug */ = {
			isa = XCBuildConfiguration;
			buildSettings = {
				ALWAYS_EMBED_SWIFT_STANDARD_LIBRARIES = YES;
				CODE_SIGN_STYLE = Automatic;
				CURRENT_PROJECT_VERSION = 1;
				DEVELOPMENT_TEAM = D6VB3396MT;
				GENERATE_INFOPLIST_FILE = YES;
				MARKETING_VERSION = 1.0;
				PRODUCT_BUNDLE_IDENTIFIER = "com.marlonraskin.DropdownMenu-SwiftUIUITests";
				PRODUCT_NAME = "$(TARGET_NAME)";
				SWIFT_EMIT_LOC_STRINGS = NO;
				SWIFT_VERSION = 5.0;
				TARGETED_DEVICE_FAMILY = "1,2";
				TEST_TARGET_NAME = "DropdownMenu-SwiftUI";
			};
			name = Debug;
		};
		379E626A29E2083200F99FFA /* Release */ = {
			isa = XCBuildConfiguration;
			buildSettings = {
				ALWAYS_EMBED_SWIFT_STANDARD_LIBRARIES = YES;
				CODE_SIGN_STYLE = Automatic;
				CURRENT_PROJECT_VERSION = 1;
				DEVELOPMENT_TEAM = D6VB3396MT;
				GENERATE_INFOPLIST_FILE = YES;
				MARKETING_VERSION = 1.0;
				PRODUCT_BUNDLE_IDENTIFIER = "com.marlonraskin.DropdownMenu-SwiftUIUITests";
				PRODUCT_NAME = "$(TARGET_NAME)";
				SWIFT_EMIT_LOC_STRINGS = NO;
				SWIFT_VERSION = 5.0;
				TARGETED_DEVICE_FAMILY = "1,2";
				TEST_TARGET_NAME = "DropdownMenu-SwiftUI";
			};
			name = Release;
		};
/* End XCBuildConfiguration section */

/* Begin XCConfigurationList section */
		379E623929E2083100F99FFA /* Build configuration list for PBXProject "DropdownMenu-SwiftUI" */ = {
			isa = XCConfigurationList;
			buildConfigurations = (
				379E626029E2083200F99FFA /* Debug */,
				379E626129E2083200F99FFA /* Release */,
			);
			defaultConfigurationIsVisible = 0;
			defaultConfigurationName = Release;
		};
		379E626229E2083200F99FFA /* Build configuration list for PBXNativeTarget "DropdownMenu-SwiftUI" */ = {
			isa = XCConfigurationList;
			buildConfigurations = (
				379E626329E2083200F99FFA /* Debug */,
				379E626429E2083200F99FFA /* Release */,
			);
			defaultConfigurationIsVisible = 0;
			defaultConfigurationName = Release;
		};
		379E626529E2083200F99FFA /* Build configuration list for PBXNativeTarget "DropdownMenu-SwiftUITests" */ = {
			isa = XCConfigurationList;
			buildConfigurations = (
				379E626629E2083200F99FFA /* Debug */,
				379E626729E2083200F99FFA /* Release */,
			);
			defaultConfigurationIsVisible = 0;
			defaultConfigurationName = Release;
		};
		379E626829E2083200F99FFA /* Build configuration list for PBXNativeTarget "DropdownMenu-SwiftUIUITests" */ = {
			isa = XCConfigurationList;
			buildConfigurations = (
				379E626929E2083200F99FFA /* Debug */,
				379E626A29E2083200F99FFA /* Release */,
			);
			defaultConfigurationIsVisible = 0;
			defaultConfigurationName = Release;
		};
/* End XCConfigurationList section */
	};
	rootObject = 379E623629E2083100F99FFA /* Project object */;
}
